
Microsoft Visual Studio Solution File, Format Version 12.00
# Visual Studio Version 16
VisualStudioVersion = 16.0.31129.286
MinimumVisualStudioVersion = 10.0.40219.1
Project("{9A19103F-16F7-4668-BE54-9A1E7A4F7556}") = "DevInstance.LogScope.Extensions.MicrosoftLogger", "MicrosoftLogger\DevInstance.LogScope.Extensions.MicrosoftLogger.csproj", "{7C53C3B8-553D-46B6-90AC-411C91E22927}"
EndProject
Project("{FAE04EC0-301F-11D3-BF4B-00C04F79EFBC}") = "MicrosoftLoggerSampleApp", "MicrosoftLoggerSampleApp\MicrosoftLoggerSampleApp.csproj", "{FC8EAE24-471C-4215-9BC6-977C0E09CF1F}"
EndProject
Global
	GlobalSection(SolutionConfigurationPlatforms) = preSolution
		Debug|Any CPU = Debug|Any CPU
		Release|Any CPU = Release|Any CPU
	EndGlobalSection
	GlobalSection(ProjectConfigurationPlatforms) = postSolution
		{7C53C3B8-553D-46B6-90AC-411C91E22927}.Debug|Any CPU.ActiveCfg = Debug|Any CPU
		{7C53C3B8-553D-46B6-90AC-411C91E22927}.Debug|Any CPU.Build.0 = Debug|Any CPU
		{7C53C3B8-553D-46B6-90AC-411C91E22927}.Release|Any CPU.ActiveCfg = Release|Any CPU
		{7C53C3B8-553D-46B6-90AC-411C91E22927}.Release|Any CPU.Build.0 = Release|Any CPU
		{FC8EAE24-471C-4215-9BC6-977C0E09CF1F}.Debug|Any CPU.ActiveCfg = Debug|Any CPU
		{FC8EAE24-471C-4215-9BC6-977C0E09CF1F}.Debug|Any CPU.Build.0 = Debug|Any CPU
		{FC8EAE24-471C-4215-9BC6-977C0E09CF1F}.Release|Any CPU.ActiveCfg = Release|Any CPU
		{FC8EAE24-471C-4215-9BC6-977C0E09CF1F}.Release|Any CPU.Build.0 = Release|Any CPU
	EndGlobalSection
	GlobalSection(SolutionProperties) = preSolution
		HideSolutionNode = FALSE
	EndGlobalSection
	GlobalSection(ExtensibilityGlobals) = postSolution
		SolutionGuid = {6BD32190-0317-4F8E-9CB0-A90A93249001}
	EndGlobalSection
EndGlobal
